
Microsoft Visual Studio Solution File, Format Version 12.00
# Visual Studio 2012
Project("{FAE04EC0-301F-11D3-BF4B-00C04F79EFBC}") = "NAudioPianoDemo", "NAudioPianoDemo\NAudioPianoDemo.csproj", "{B63D471D-6D2B-45ED-88A6-F97447E717EC}"
EndProject
Global
	GlobalSection(SolutionConfigurationPlatforms) = preSolution
		Debug|Any CPU = Debug|Any CPU
		Release|Any CPU = Release|Any CPU
	EndGlobalSection
	GlobalSection(ProjectConfigurationPlatforms) = postSolution
		{B63D471D-6D2B-45ED-88A6-F97447E717EC}.Debug|Any CPU.ActiveCfg = Debug|Any CPU
		{B63D471D-6D2B-45ED-88A6-F97447E717EC}.Debug|Any CPU.Build.0 = Debug|Any CPU
		{B63D471D-6D2B-45ED-88A6-F97447E717EC}.Release|Any CPU.ActiveCfg = Release|Any CPU
		{B63D471D-6D2B-45ED-88A6-F97447E717EC}.Release|Any CPU.Build.0 = Release|Any CPU
	EndGlobalSection
	GlobalSection(SolutionProperties) = preSolution
		HideSolutionNode = FALSE
	EndGlobalSection
EndGlobal
